
Microsoft Visual Studio Solution File, Format Version 12.00
Project("{2150E333-8FDC-42A3-9474-1A3956D46DE8}") = "src", "src", "{2AC309B8-8F42-46B1-954D-4FCDC6F16EB3}"
EndProject
Project("{2150E333-8FDC-42A3-9474-1A3956D46DE8}") = "Solution Items", "Solution Items", "{F3D0EE6E-5914-4DA9-B18E-CA43922C8B16}"
	ProjectSection(SolutionItems) = preProject
		.editorconfig = .editorconfig
		.dockerignore = .dockerignore
		.gitignore = .gitignore
		..\docker-compose.yml = ..\docker-compose.yml
	EndProjectSection
EndProject
Project("{2150E333-8FDC-42A3-9474-1A3956D46DE8}") = "tests", "tests", "{A862DCCB-FD16-4B2E-B758-5AED7D9820DB}"
EndProject
Project("{FAE04EC0-301F-11D3-BF4B-00C04F79EFBC}") = "Shared", "src\Shared\Shared.csproj", "{5F45588B-8A60-4989-AA3A-AB207195683F}"
EndProject
Project("{FAE04EC0-301F-11D3-BF4B-00C04F79EFBC}") = "Domain", "src\Domain\Domain.csproj", "{CD1BA5E1-2D99-427B-8800-7C7217CEFCFA}"
EndProject
Project("{FAE04EC0-301F-11D3-BF4B-00C04F79EFBC}") = "Application", "src\Application\Application.csproj", "{E912B96F-1124-4F3C-80BE-F519189906A1}"
EndProject
Project("{FAE04EC0-301F-11D3-BF4B-00C04F79EFBC}") = "Infrastructure", "src\Infrastructure\Infrastructure.csproj", "{C90F8B60-D9EB-44E8-9F80-8A792CC01DB2}"
EndProject
Project("{FAE04EC0-301F-11D3-BF4B-00C04F79EFBC}") = "Api", "src\Api\Api.csproj", "{E16CD9D3-6A50-47E2-A701-27273EFC4678}"
EndProject
Project("{FAE04EC0-301F-11D3-BF4B-00C04F79EFBC}") = "ArchitectureTests", "tests\ArchitectureTests\ArchitectureTests.csproj", "{B8DBCA0F-7BF8-4462-9C74-06BE2A2ACB2D}"
EndProject
Project("{FAE04EC0-301F-11D3-BF4B-00C04F79EFBC}") = "Domain.UnitTests", "tests\Domain.UnitTests\Domain.UnitTests.csproj", "{4AE15078-F787-420C-99C0-FDF22B33D815}"
EndProject
Global
	GlobalSection(SolutionConfigurationPlatforms) = preSolution
		Debug|Any CPU = Debug|Any CPU
		Release|Any CPU = Release|Any CPU
	EndGlobalSection
	GlobalSection(NestedProjects) = preSolution
		{5F45588B-8A60-4989-AA3A-AB207195683F} = {2AC309B8-8F42-46B1-954D-4FCDC6F16EB3}
		{CD1BA5E1-2D99-427B-8800-7C7217CEFCFA} = {2AC309B8-8F42-46B1-954D-4FCDC6F16EB3}
		{E912B96F-1124-4F3C-80BE-F519189906A1} = {2AC309B8-8F42-46B1-954D-4FCDC6F16EB3}
		{C90F8B60-D9EB-44E8-9F80-8A792CC01DB2} = {2AC309B8-8F42-46B1-954D-4FCDC6F16EB3}
		{E16CD9D3-6A50-47E2-A701-27273EFC4678} = {2AC309B8-8F42-46B1-954D-4FCDC6F16EB3}
		{B8DBCA0F-7BF8-4462-9C74-06BE2A2ACB2D} = {A862DCCB-FD16-4B2E-B758-5AED7D9820DB}
		{4AE15078-F787-420C-99C0-FDF22B33D815} = {A862DCCB-FD16-4B2E-B758-5AED7D9820DB}
	EndGlobalSection
	GlobalSection(ProjectConfigurationPlatforms) = postSolution
		{5F45588B-8A60-4989-AA3A-AB207195683F}.Debug|Any CPU.ActiveCfg = Debug|Any CPU
		{5F45588B-8A60-4989-AA3A-AB207195683F}.Debug|Any CPU.Build.0 = Debug|Any CPU
		{5F45588B-8A60-4989-AA3A-AB207195683F}.Release|Any CPU.ActiveCfg = Release|Any CPU
		{5F45588B-8A60-4989-AA3A-AB207195683F}.Release|Any CPU.Build.0 = Release|Any CPU
		{CD1BA5E1-2D99-427B-8800-7C7217CEFCFA}.Debug|Any CPU.ActiveCfg = Debug|Any CPU
		{CD1BA5E1-2D99-427B-8800-7C7217CEFCFA}.Debug|Any CPU.Build.0 = Debug|Any CPU
		{CD1BA5E1-2D99-427B-8800-7C7217CEFCFA}.Release|Any CPU.ActiveCfg = Release|Any CPU
		{CD1BA5E1-2D99-427B-8800-7C7217CEFCFA}.Release|Any CPU.Build.0 = Release|Any CPU
		{E912B96F-1124-4F3C-80BE-F519189906A1}.Debug|Any CPU.ActiveCfg = Debug|Any CPU
		{E912B96F-1124-4F3C-80BE-F519189906A1}.Debug|Any CPU.Build.0 = Debug|Any CPU
		{E912B96F-1124-4F3C-80BE-F519189906A1}.Release|Any CPU.ActiveCfg = Release|Any CPU
		{E912B96F-1124-4F3C-80BE-F519189906A1}.Release|Any CPU.Build.0 = Release|Any CPU
		{C90F8B60-D9EB-44E8-9F80-8A792CC01DB2}.Debug|Any CPU.ActiveCfg = Debug|Any CPU
		{C90F8B60-D9EB-44E8-9F80-8A792CC01DB2}.Debug|Any CPU.Build.0 = Debug|Any CPU
		{C90F8B60-D9EB-44E8-9F80-8A792CC01DB2}.Release|Any CPU.ActiveCfg = Release|Any CPU
		{C90F8B60-D9EB-44E8-9F80-8A792CC01DB2}.Release|Any CPU.Build.0 = Release|Any CPU
		{E16CD9D3-6A50-47E2-A701-27273EFC4678}.Debug|Any CPU.ActiveCfg = Debug|Any CPU
		{E16CD9D3-6A50-47E2-A701-27273EFC4678}.Debug|Any CPU.Build.0 = Debug|Any CPU
		{E16CD9D3-6A50-47E2-A701-27273EFC4678}.Release|Any CPU.ActiveCfg = Release|Any CPU
		{E16CD9D3-6A50-47E2-A701-27273EFC4678}.Release|Any CPU.Build.0 = Release|Any CPU
		{B8DBCA0F-7BF8-4462-9C74-06BE2A2ACB2D}.Debug|Any CPU.ActiveCfg = Debug|Any CPU
		{B8DBCA0F-7BF8-4462-9C74-06BE2A2ACB2D}.Debug|Any CPU.Build.0 = Debug|Any CPU
		{B8DBCA0F-7BF8-4462-9C74-06BE2A2ACB2D}.Release|Any CPU.ActiveCfg = Release|Any CPU
		{B8DBCA0F-7BF8-4462-9C74-06BE2A2ACB2D}.Release|Any CPU.Build.0 = Release|Any CPU
		{4AE15078-F787-420C-99C0-FDF22B33D815}.Debug|Any CPU.ActiveCfg = Debug|Any CPU
		{4AE15078-F787-420C-99C0-FDF22B33D815}.Debug|Any CPU.Build.0 = Debug|Any CPU
		{4AE15078-F787-420C-99C0-FDF22B33D815}.Release|Any CPU.ActiveCfg = Release|Any CPU
		{4AE15078-F787-420C-99C0-FDF22B33D815}.Release|Any CPU.Build.0 = Release|Any CPU
	EndGlobalSection
EndGlobal
