
Microsoft Visual Studio Solution File, Format Version 12.00
Project("{FAE04EC0-301F-11D3-BF4B-00C04F79EFBC}") = "Api", "Api\Api.csproj", "{B93A8241-7CC1-4DF1-8185-01C125395AEF}"
EndProject
Global
	GlobalSection(SolutionConfigurationPlatforms) = preSolution
		Debug|Any CPU = Debug|Any CPU
		Release|Any CPU = Release|Any CPU
	EndGlobalSection
	GlobalSection(NestedProjects) = preSolution
	EndGlobalSection
	GlobalSection(ProjectConfigurationPlatforms) = postSolution
		{B93A8241-7CC1-4DF1-8185-01C125395AEF}.Debug|Any CPU.ActiveCfg = Debug|Any CPU
		{B93A8241-7CC1-4DF1-8185-01C125395AEF}.Debug|Any CPU.Build.0 = Debug|Any CPU
		{B93A8241-7CC1-4DF1-8185-01C125395AEF}.Release|Any CPU.ActiveCfg = Release|Any CPU
		{B93A8241-7CC1-4DF1-8185-01C125395AEF}.Release|Any CPU.Build.0 = Release|Any CPU
	EndGlobalSection
EndGlobal
